
Microsoft Visual Studio Solution File, Format Version 12.00
# Visual Studio 14
VisualStudioVersion = 14.0.25420.1
MinimumVisualStudioVersion = 10.0.40219.1
Project("{FAE04EC0-301F-11D3-BF4B-00C04F79EFBC}") = "PizzaDay_Noser.Droid", "PizzaDay_Noser\PizzaDay_Noser.Droid\PizzaDay_Noser.Droid.csproj", "{B4421C55-7A26-48BA-9AED-DAD0F210F7CC}"
EndProject
Project("{FAE04EC0-301F-11D3-BF4B-00C04F79EFBC}") = "PizzaDay_Noser.iOS", "PizzaDay_Noser\PizzaDay_Noser.iOS\PizzaDay_Noser.iOS.csproj", "{4C1D3F24-E9FD-41BF-B959-C78836501234}"
EndProject
Project("{FAE04EC0-301F-11D3-BF4B-00C04F79EFBC}") = "PizzaDay_Noser.WinPhone", "PizzaDay_Noser\PizzaDay_Noser.WinPhone\PizzaDay_Noser.WinPhone.csproj", "{319C330E-6C31-44EA-9B8D-03E4B795496D}"
EndProject
Project("{FAE04EC0-301F-11D3-BF4B-00C04F79EFBC}") = "PizzaDay_Noser.Windows", "PizzaDay_Noser\PizzaDay_Noser.Windows\PizzaDay_Noser.Windows.csproj", "{0F3CB980-5B63-4C2F-9683-F64CB3FB5BD0}"
EndProject
Project("{FAE04EC0-301F-11D3-BF4B-00C04F79EFBC}") = "PizzaDay_Noser", "PizzaDay_Noser\PizzaDay_Noser\PizzaDay_Noser.csproj", "{BB11CADD-C830-43CF-9016-6AC1DB560B55}"
EndProject
Global
	GlobalSection(SolutionConfigurationPlatforms) = preSolution
		Ad-Hoc|Any CPU = Ad-Hoc|Any CPU
		Ad-Hoc|ARM = Ad-Hoc|ARM
		Ad-Hoc|iPhone = Ad-Hoc|iPhone
		Ad-Hoc|iPhoneSimulator = Ad-Hoc|iPhoneSimulator
		Ad-Hoc|x64 = Ad-Hoc|x64
		Ad-Hoc|x86 = Ad-Hoc|x86
		AppStore|Any CPU = AppStore|Any CPU
		AppStore|ARM = AppStore|ARM
		AppStore|iPhone = AppStore|iPhone
		AppStore|iPhoneSimulator = AppStore|iPhoneSimulator
		AppStore|x64 = AppStore|x64
		AppStore|x86 = AppStore|x86
		Debug|Any CPU = Debug|Any CPU
		Debug|ARM = Debug|ARM
		Debug|iPhone = Debug|iPhone
		Debug|iPhoneSimulator = Debug|iPhoneSimulator
		Debug|x64 = Debug|x64
		Debug|x86 = Debug|x86
		Release|Any CPU = Release|Any CPU
		Release|ARM = Release|ARM
		Release|iPhone = Release|iPhone
		Release|iPhoneSimulator = Release|iPhoneSimulator
		Release|x64 = Release|x64
		Release|x86 = Release|x86
	EndGlobalSection
	GlobalSection(ProjectConfigurationPlatforms) = postSolution
		{B4421C55-7A26-48BA-9AED-DAD0F210F7CC}.Ad-Hoc|Any CPU.ActiveCfg = Release|Any CPU
		{B4421C55-7A26-48BA-9AED-DAD0F210F7CC}.Ad-Hoc|Any CPU.Build.0 = Release|Any CPU
		{B4421C55-7A26-48BA-9AED-DAD0F210F7CC}.Ad-Hoc|Any CPU.Deploy.0 = Release|Any CPU
		{B4421C55-7A26-48BA-9AED-DAD0F210F7CC}.Ad-Hoc|ARM.ActiveCfg = Release|Any CPU
		{B4421C55-7A26-48BA-9AED-DAD0F210F7CC}.Ad-Hoc|ARM.Build.0 = Release|Any CPU
		{B4421C55-7A26-48BA-9AED-DAD0F210F7CC}.Ad-Hoc|ARM.Deploy.0 = Release|Any CPU
		{B4421C55-7A26-48BA-9AED-DAD0F210F7CC}.Ad-Hoc|iPhone.ActiveCfg = Release|Any CPU
		{B4421C55-7A26-48BA-9AED-DAD0F210F7CC}.Ad-Hoc|iPhone.Build.0 = Release|Any CPU
		{B4421C55-7A26-48BA-9AED-DAD0F210F7CC}.Ad-Hoc|iPhone.Deploy.0 = Release|Any CPU
		{B4421C55-7A26-48BA-9AED-DAD0F210F7CC}.Ad-Hoc|iPhoneSimulator.ActiveCfg = Release|Any CPU
		{B4421C55-7A26-48BA-9AED-DAD0F210F7CC}.Ad-Hoc|iPhoneSimulator.Build.0 = Release|Any CPU
		{B4421C55-7A26-48BA-9AED-DAD0F210F7CC}.Ad-Hoc|iPhoneSimulator.Deploy.0 = Release|Any CPU
		{B4421C55-7A26-48BA-9AED-DAD0F210F7CC}.Ad-Hoc|x64.ActiveCfg = Release|Any CPU
		{B4421C55-7A26-48BA-9AED-DAD0F210F7CC}.Ad-Hoc|x64.Build.0 = Release|Any CPU
		{B4421C55-7A26-48BA-9AED-DAD0F210F7CC}.Ad-Hoc|x64.Deploy.0 = Release|Any CPU
		{B4421C55-7A26-48BA-9AED-DAD0F210F7CC}.Ad-Hoc|x86.ActiveCfg = Release|Any CPU
		{B4421C55-7A26-48BA-9AED-DAD0F210F7CC}.Ad-Hoc|x86.Build.0 = Release|Any CPU
		{B4421C55-7A26-48BA-9AED-DAD0F210F7CC}.Ad-Hoc|x86.Deploy.0 = Release|Any CPU
		{B4421C55-7A26-48BA-9AED-DAD0F210F7CC}.AppStore|Any CPU.ActiveCfg = Release|Any CPU
		{B4421C55-7A26-48BA-9AED-DAD0F210F7CC}.AppStore|Any CPU.Build.0 = Release|Any CPU
		{B4421C55-7A26-48BA-9AED-DAD0F210F7CC}.AppStore|Any CPU.Deploy.0 = Release|Any CPU
		{B4421C55-7A26-48BA-9AED-DAD0F210F7CC}.AppStore|ARM.ActiveCfg = Release|Any CPU
		{B4421C55-7A26-48BA-9AED-DAD0F210F7CC}.AppStore|ARM.Build.0 = Release|Any CPU
		{B4421C55-7A26-48BA-9AED-DAD0F210F7CC}.AppStore|ARM.Deploy.0 = Release|Any CPU
		{B4421C55-7A26-48BA-9AED-DAD0F210F7CC}.AppStore|iPhone.ActiveCfg = Release|Any CPU
		{B4421C55-7A26-48BA-9AED-DAD0F210F7CC}.AppStore|iPhone.Build.0 = Release|Any CPU
		{B4421C55-7A26-48BA-9AED-DAD0F210F7CC}.AppStore|iPhone.Deploy.0 = Release|Any CPU
		{B4421C55-7A26-48BA-9AED-DAD0F210F7CC}.AppStore|iPhoneSimulator.ActiveCfg = Release|Any CPU
		{B4421C55-7A26-48BA-9AED-DAD0F210F7CC}.AppStore|iPhoneSimulator.Build.0 = Release|Any CPU
		{B4421C55-7A26-48BA-9AED-DAD0F210F7CC}.AppStore|iPhoneSimulator.Deploy.0 = Release|Any CPU
		{B4421C55-7A26-48BA-9AED-DAD0F210F7CC}.AppStore|x64.ActiveCfg = Release|Any CPU
		{B4421C55-7A26-48BA-9AED-DAD0F210F7CC}.AppStore|x64.Build.0 = Release|Any CPU
		{B4421C55-7A26-48BA-9AED-DAD0F210F7CC}.AppStore|x64.Deploy.0 = Release|Any CPU
		{B4421C55-7A26-48BA-9AED-DAD0F210F7CC}.AppStore|x86.ActiveCfg = Release|Any CPU
		{B4421C55-7A26-48BA-9AED-DAD0F210F7CC}.AppStore|x86.Build.0 = Release|Any CPU
		{B4421C55-7A26-48BA-9AED-DAD0F210F7CC}.AppStore|x86.Deploy.0 = Release|Any CPU
		{B4421C55-7A26-48BA-9AED-DAD0F210F7CC}.Debug|Any CPU.ActiveCfg = Debug|Any CPU
		{B4421C55-7A26-48BA-9AED-DAD0F210F7CC}.Debug|Any CPU.Build.0 = Debug|Any CPU
		{B4421C55-7A26-48BA-9AED-DAD0F210F7CC}.Debug|Any CPU.Deploy.0 = Debug|Any CPU
		{B4421C55-7A26-48BA-9AED-DAD0F210F7CC}.Debug|ARM.ActiveCfg = Debug|Any CPU
		{B4421C55-7A26-48BA-9AED-DAD0F210F7CC}.Debug|ARM.Build.0 = Debug|Any CPU
		{B4421C55-7A26-48BA-9AED-DAD0F210F7CC}.Debug|ARM.Deploy.0 = Debug|Any CPU
		{B4421C55-7A26-48BA-9AED-DAD0F210F7CC}.Debug|iPhone.ActiveCfg = Debug|Any CPU
		{B4421C55-7A26-48BA-9AED-DAD0F210F7CC}.Debug|iPhone.Build.0 = Debug|Any CPU
		{B4421C55-7A26-48BA-9AED-DAD0F210F7CC}.Debug|iPhone.Deploy.0 = Debug|Any CPU
		{B4421C55-7A26-48BA-9AED-DAD0F210F7CC}.Debug|iPhoneSimulator.ActiveCfg = Debug|Any CPU
		{B4421C55-7A26-48BA-9AED-DAD0F210F7CC}.Debug|iPhoneSimulator.Build.0 = Debug|Any CPU
		{B4421C55-7A26-48BA-9AED-DAD0F210F7CC}.Debug|iPhoneSimulator.Deploy.0 = Debug|Any CPU
		{B4421C55-7A26-48BA-9AED-DAD0F210F7CC}.Debug|x64.ActiveCfg = Debug|Any CPU
		{B4421C55-7A26-48BA-9AED-DAD0F210F7CC}.Debug|x64.Build.0 = Debug|Any CPU
		{B4421C55-7A26-48BA-9AED-DAD0F210F7CC}.Debug|x64.Deploy.0 = Debug|Any CPU
		{B4421C55-7A26-48BA-9AED-DAD0F210F7CC}.Debug|x86.ActiveCfg = Debug|Any CPU
		{B4421C55-7A26-48BA-9AED-DAD0F210F7CC}.Debug|x86.Build.0 = Debug|Any CPU
		{B4421C55-7A26-48BA-9AED-DAD0F210F7CC}.Debug|x86.Deploy.0 = Debug|Any CPU
		{B4421C55-7A26-48BA-9AED-DAD0F210F7CC}.Release|Any CPU.ActiveCfg = Release|Any CPU
		{B4421C55-7A26-48BA-9AED-DAD0F210F7CC}.Release|Any CPU.Build.0 = Release|Any CPU
		{B4421C55-7A26-48BA-9AED-DAD0F210F7CC}.Release|Any CPU.Deploy.0 = Release|Any CPU
		{B4421C55-7A26-48BA-9AED-DAD0F210F7CC}.Release|ARM.ActiveCfg = Release|Any CPU
		{B4421C55-7A26-48BA-9AED-DAD0F210F7CC}.Release|ARM.Build.0 = Release|Any CPU
		{B4421C55-7A26-48BA-9AED-DAD0F210F7CC}.Release|ARM.Deploy.0 = Release|Any CPU
		{B4421C55-7A26-48BA-9AED-DAD0F210F7CC}.Release|iPhone.ActiveCfg = Release|Any CPU
		{B4421C55-7A26-48BA-9AED-DAD0F210F7CC}.Release|iPhone.Build.0 = Release|Any CPU
		{B4421C55-7A26-48BA-9AED-DAD0F210F7CC}.Release|iPhone.Deploy.0 = Release|Any CPU
		{B4421C55-7A26-48BA-9AED-DAD0F210F7CC}.Release|iPhoneSimulator.ActiveCfg = Release|Any CPU
		{B4421C55-7A26-48BA-9AED-DAD0F210F7CC}.Release|iPhoneSimulator.Build.0 = Release|Any CPU
		{B4421C55-7A26-48BA-9AED-DAD0F210F7CC}.Release|iPhoneSimulator.Deploy.0 = Release|Any CPU
		{B4421C55-7A26-48BA-9AED-DAD0F210F7CC}.Release|x64.ActiveCfg = Release|Any CPU
		{B4421C55-7A26-48BA-9AED-DAD0F210F7CC}.Release|x64.Build.0 = Release|Any CPU
		{B4421C55-7A26-48BA-9AED-DAD0F210F7CC}.Release|x64.Deploy.0 = Release|Any CPU
		{B4421C55-7A26-48BA-9AED-DAD0F210F7CC}.Release|x86.ActiveCfg = Release|Any CPU
		{B4421C55-7A26-48BA-9AED-DAD0F210F7CC}.Release|x86.Build.0 = Release|Any CPU
		{B4421C55-7A26-48BA-9AED-DAD0F210F7CC}.Release|x86.Deploy.0 = Release|Any CPU
		{4C1D3F24-E9FD-41BF-B959-C78836501234}.Ad-Hoc|Any CPU.ActiveCfg = Ad-Hoc|iPhone
		{4C1D3F24-E9FD-41BF-B959-C78836501234}.Ad-Hoc|ARM.ActiveCfg = Ad-Hoc|iPhone
		{4C1D3F24-E9FD-41BF-B959-C78836501234}.Ad-Hoc|iPhone.ActiveCfg = Ad-Hoc|iPhone
		{4C1D3F24-E9FD-41BF-B959-C78836501234}.Ad-Hoc|iPhone.Build.0 = Ad-Hoc|iPhone
		{4C1D3F24-E9FD-41BF-B959-C78836501234}.Ad-Hoc|iPhoneSimulator.ActiveCfg = Ad-Hoc|iPhoneSimulator
		{4C1D3F24-E9FD-41BF-B959-C78836501234}.Ad-Hoc|iPhoneSimulator.Build.0 = Ad-Hoc|iPhoneSimulator
		{4C1D3F24-E9FD-41BF-B959-C78836501234}.Ad-Hoc|x64.ActiveCfg = Ad-Hoc|iPhone
		{4C1D3F24-E9FD-41BF-B959-C78836501234}.Ad-Hoc|x86.ActiveCfg = Ad-Hoc|iPhone
		{4C1D3F24-E9FD-41BF-B959-C78836501234}.AppStore|Any CPU.ActiveCfg = AppStore|iPhone
		{4C1D3F24-E9FD-41BF-B959-C78836501234}.AppStore|ARM.ActiveCfg = AppStore|iPhone
		{4C1D3F24-E9FD-41BF-B959-C78836501234}.AppStore|iPhone.ActiveCfg = AppStore|iPhone
		{4C1D3F24-E9FD-41BF-B959-C78836501234}.AppStore|iPhone.Build.0 = AppStore|iPhone
		{4C1D3F24-E9FD-41BF-B959-C78836501234}.AppStore|iPhoneSimulator.ActiveCfg = AppStore|iPhoneSimulator
		{4C1D3F24-E9FD-41BF-B959-C78836501234}.AppStore|iPhoneSimulator.Build.0 = AppStore|iPhoneSimulator
		{4C1D3F24-E9FD-41BF-B959-C78836501234}.AppStore|x64.ActiveCfg = AppStore|iPhone
		{4C1D3F24-E9FD-41BF-B959-C78836501234}.AppStore|x86.ActiveCfg = AppStore|iPhone
		{4C1D3F24-E9FD-41BF-B959-C78836501234}.Debug|Any CPU.ActiveCfg = Debug|iPhone
		{4C1D3F24-E9FD-41BF-B959-C78836501234}.Debug|ARM.ActiveCfg = Debug|iPhone
		{4C1D3F24-E9FD-41BF-B959-C78836501234}.Debug|iPhone.ActiveCfg = Debug|iPhone
		{4C1D3F24-E9FD-41BF-B959-C78836501234}.Debug|iPhone.Build.0 = Debug|iPhone
		{4C1D3F24-E9FD-41BF-B959-C78836501234}.Debug|iPhoneSimulator.ActiveCfg = Debug|iPhoneSimulator
		{4C1D3F24-E9FD-41BF-B959-C78836501234}.Debug|iPhoneSimulator.Build.0 = Debug|iPhoneSimulator
		{4C1D3F24-E9FD-41BF-B959-C78836501234}.Debug|x64.ActiveCfg = Debug|iPhone
		{4C1D3F24-E9FD-41BF-B959-C78836501234}.Debug|x86.ActiveCfg = Debug|iPhone
		{4C1D3F24-E9FD-41BF-B959-C78836501234}.Release|Any CPU.ActiveCfg = Release|iPhone
		{4C1D3F24-E9FD-41BF-B959-C78836501234}.Release|ARM.ActiveCfg = Release|iPhone
		{4C1D3F24-E9FD-41BF-B959-C78836501234}.Release|iPhone.ActiveCfg = Release|iPhone
		{4C1D3F24-E9FD-41BF-B959-C78836501234}.Release|iPhone.Build.0 = Release|iPhone
		{4C1D3F24-E9FD-41BF-B959-C78836501234}.Release|iPhoneSimulator.ActiveCfg = Release|iPhoneSimulator
		{4C1D3F24-E9FD-41BF-B959-C78836501234}.Release|iPhoneSimulator.Build.0 = Release|iPhoneSimulator
		{4C1D3F24-E9FD-41BF-B959-C78836501234}.Release|x64.ActiveCfg = Release|iPhone
		{4C1D3F24-E9FD-41BF-B959-C78836501234}.Release|x86.ActiveCfg = Release|iPhone
		{319C330E-6C31-44EA-9B8D-03E4B795496D}.Ad-Hoc|Any CPU.ActiveCfg = Release|Any CPU
		{319C330E-6C31-44EA-9B8D-03E4B795496D}.Ad-Hoc|Any CPU.Build.0 = Release|Any CPU
		{319C330E-6C31-44EA-9B8D-03E4B795496D}.Ad-Hoc|Any CPU.Deploy.0 = Release|Any CPU
		{319C330E-6C31-44EA-9B8D-03E4B795496D}.Ad-Hoc|ARM.ActiveCfg = Release|ARM
		{319C330E-6C31-44EA-9B8D-03E4B795496D}.Ad-Hoc|ARM.Build.0 = Release|ARM
		{319C330E-6C31-44EA-9B8D-03E4B795496D}.Ad-Hoc|ARM.Deploy.0 = Release|ARM
		{319C330E-6C31-44EA-9B8D-03E4B795496D}.Ad-Hoc|iPhone.ActiveCfg = Release|Any CPU
		{319C330E-6C31-44EA-9B8D-03E4B795496D}.Ad-Hoc|iPhone.Build.0 = Release|Any CPU
		{319C330E-6C31-44EA-9B8D-03E4B795496D}.Ad-Hoc|iPhone.Deploy.0 = Release|Any CPU
		{319C330E-6C31-44EA-9B8D-03E4B795496D}.Ad-Hoc|iPhoneSimulator.ActiveCfg = Release|Any CPU
		{319C330E-6C31-44EA-9B8D-03E4B795496D}.Ad-Hoc|iPhoneSimulator.Build.0 = Release|Any CPU
		{319C330E-6C31-44EA-9B8D-03E4B795496D}.Ad-Hoc|iPhoneSimulator.Deploy.0 = Release|Any CPU
		{319C330E-6C31-44EA-9B8D-03E4B795496D}.Ad-Hoc|x64.ActiveCfg = Release|Any CPU
		{319C330E-6C31-44EA-9B8D-03E4B795496D}.Ad-Hoc|x64.Build.0 = Release|Any CPU
		{319C330E-6C31-44EA-9B8D-03E4B795496D}.Ad-Hoc|x64.Deploy.0 = Release|Any CPU
		{319C330E-6C31-44EA-9B8D-03E4B795496D}.Ad-Hoc|x86.ActiveCfg = Release|x86
		{319C330E-6C31-44EA-9B8D-03E4B795496D}.Ad-Hoc|x86.Build.0 = Release|x86
		{319C330E-6C31-44EA-9B8D-03E4B795496D}.Ad-Hoc|x86.Deploy.0 = Release|x86
		{319C330E-6C31-44EA-9B8D-03E4B795496D}.AppStore|Any CPU.ActiveCfg = Release|Any CPU
		{319C330E-6C31-44EA-9B8D-03E4B795496D}.AppStore|Any CPU.Build.0 = Release|Any CPU
		{319C330E-6C31-44EA-9B8D-03E4B795496D}.AppStore|Any CPU.Deploy.0 = Release|Any CPU
		{319C330E-6C31-44EA-9B8D-03E4B795496D}.AppStore|ARM.ActiveCfg = Release|ARM
		{319C330E-6C31-44EA-9B8D-03E4B795496D}.AppStore|ARM.Build.0 = Release|ARM
		{319C330E-6C31-44EA-9B8D-03E4B795496D}.AppStore|ARM.Deploy.0 = Release|ARM
		{319C330E-6C31-44EA-9B8D-03E4B795496D}.AppStore|iPhone.ActiveCfg = Release|Any CPU
		{319C330E-6C31-44EA-9B8D-03E4B795496D}.AppStore|iPhone.Build.0 = Release|Any CPU
		{319C330E-6C31-44EA-9B8D-03E4B795496D}.AppStore|iPhone.Deploy.0 = Release|Any CPU
		{319C330E-6C31-44EA-9B8D-03E4B795496D}.AppStore|iPhoneSimulator.ActiveCfg = Release|Any CPU
		{319C330E-6C31-44EA-9B8D-03E4B795496D}.AppStore|iPhoneSimulator.Build.0 = Release|Any CPU
		{319C330E-6C31-44EA-9B8D-03E4B795496D}.AppStore|iPhoneSimulator.Deploy.0 = Release|Any CPU
		{319C330E-6C31-44EA-9B8D-03E4B795496D}.AppStore|x64.ActiveCfg = Release|Any CPU
		{319C330E-6C31-44EA-9B8D-03E4B795496D}.AppStore|x64.Build.0 = Release|Any CPU
		{319C330E-6C31-44EA-9B8D-03E4B795496D}.AppStore|x64.Deploy.0 = Release|Any CPU
		{319C330E-6C31-44EA-9B8D-03E4B795496D}.AppStore|x86.ActiveCfg = Release|x86
		{319C330E-6C31-44EA-9B8D-03E4B795496D}.AppStore|x86.Build.0 = Release|x86
		{319C330E-6C31-44EA-9B8D-03E4B795496D}.AppStore|x86.Deploy.0 = Release|x86
		{319C330E-6C31-44EA-9B8D-03E4B795496D}.Debug|Any CPU.ActiveCfg = Debug|Any CPU
		{319C330E-6C31-44EA-9B8D-03E4B795496D}.Debug|Any CPU.Build.0 = Debug|Any CPU
		{319C330E-6C31-44EA-9B8D-03E4B795496D}.Debug|Any CPU.Deploy.0 = Debug|Any CPU
		{319C330E-6C31-44EA-9B8D-03E4B795496D}.Debug|ARM.ActiveCfg = Debug|ARM
		{319C330E-6C31-44EA-9B8D-03E4B795496D}.Debug|ARM.Build.0 = Debug|ARM
		{319C330E-6C31-44EA-9B8D-03E4B795496D}.Debug|ARM.Deploy.0 = Debug|ARM
		{319C330E-6C31-44EA-9B8D-03E4B795496D}.Debug|iPhone.ActiveCfg = Debug|Any CPU
		{319C330E-6C31-44EA-9B8D-03E4B795496D}.Debug|iPhone.Build.0 = Debug|Any CPU
		{319C330E-6C31-44EA-9B8D-03E4B795496D}.Debug|iPhone.Deploy.0 = Debug|Any CPU
		{319C330E-6C31-44EA-9B8D-03E4B795496D}.Debug|iPhoneSimulator.ActiveCfg = Debug|Any CPU
		{319C330E-6C31-44EA-9B8D-03E4B795496D}.Debug|iPhoneSimulator.Build.0 = Debug|Any CPU
		{319C330E-6C31-44EA-9B8D-03E4B795496D}.Debug|iPhoneSimulator.Deploy.0 = Debug|Any CPU
		{319C330E-6C31-44EA-9B8D-03E4B795496D}.Debug|x64.ActiveCfg = Debug|Any CPU
		{319C330E-6C31-44EA-9B8D-03E4B795496D}.Debug|x64.Build.0 = Debug|Any CPU
		{319C330E-6C31-44EA-9B8D-03E4B795496D}.Debug|x64.Deploy.0 = Debug|Any CPU
		{319C330E-6C31-44EA-9B8D-03E4B795496D}.Debug|x86.ActiveCfg = Debug|x86
		{319C330E-6C31-44EA-9B8D-03E4B795496D}.Debug|x86.Build.0 = Debug|x86
		{319C330E-6C31-44EA-9B8D-03E4B795496D}.Debug|x86.Deploy.0 = Debug|x86
		{319C330E-6C31-44EA-9B8D-03E4B795496D}.Release|Any CPU.ActiveCfg = Release|Any CPU
		{319C330E-6C31-44EA-9B8D-03E4B795496D}.Release|Any CPU.Build.0 = Release|Any CPU
		{319C330E-6C31-44EA-9B8D-03E4B795496D}.Release|Any CPU.Deploy.0 = Release|Any CPU
		{319C330E-6C31-44EA-9B8D-03E4B795496D}.Release|ARM.ActiveCfg = Release|ARM
		{319C330E-6C31-44EA-9B8D-03E4B795496D}.Release|ARM.Build.0 = Release|ARM
		{319C330E-6C31-44EA-9B8D-03E4B795496D}.Release|ARM.Deploy.0 = Release|ARM
		{319C330E-6C31-44EA-9B8D-03E4B795496D}.Release|iPhone.ActiveCfg = Release|Any CPU
		{319C330E-6C31-44EA-9B8D-03E4B795496D}.Release|iPhone.Build.0 = Release|Any CPU
		{319C330E-6C31-44EA-9B8D-03E4B795496D}.Release|iPhone.Deploy.0 = Release|Any CPU
		{319C330E-6C31-44EA-9B8D-03E4B795496D}.Release|iPhoneSimulator.ActiveCfg = Release|Any CPU
		{319C330E-6C31-44EA-9B8D-03E4B795496D}.Release|iPhoneSimulator.Build.0 = Release|Any CPU
		{319C330E-6C31-44EA-9B8D-03E4B795496D}.Release|iPhoneSimulator.Deploy.0 = Release|Any CPU
		{319C330E-6C31-44EA-9B8D-03E4B795496D}.Release|x64.ActiveCfg = Release|Any CPU
		{319C330E-6C31-44EA-9B8D-03E4B795496D}.Release|x64.Build.0 = Release|Any CPU
		{319C330E-6C31-44EA-9B8D-03E4B795496D}.Release|x64.Deploy.0 = Release|Any CPU
		{319C330E-6C31-44EA-9B8D-03E4B795496D}.Release|x86.ActiveCfg = Release|x86
		{319C330E-6C31-44EA-9B8D-03E4B795496D}.Release|x86.Build.0 = Release|x86
		{319C330E-6C31-44EA-9B8D-03E4B795496D}.Release|x86.Deploy.0 = Release|x86
		{0F3CB980-5B63-4C2F-9683-F64CB3FB5BD0}.Ad-Hoc|Any CPU.ActiveCfg = Release|Any CPU
		{0F3CB980-5B63-4C2F-9683-F64CB3FB5BD0}.Ad-Hoc|Any CPU.Build.0 = Release|Any CPU
		{0F3CB980-5B63-4C2F-9683-F64CB3FB5BD0}.Ad-Hoc|Any CPU.Deploy.0 = Release|Any CPU
		{0F3CB980-5B63-4C2F-9683-F64CB3FB5BD0}.Ad-Hoc|ARM.ActiveCfg = Release|ARM
		{0F3CB980-5B63-4C2F-9683-F64CB3FB5BD0}.Ad-Hoc|ARM.Build.0 = Release|ARM
		{0F3CB980-5B63-4C2F-9683-F64CB3FB5BD0}.Ad-Hoc|ARM.Deploy.0 = Release|ARM
		{0F3CB980-5B63-4C2F-9683-F64CB3FB5BD0}.Ad-Hoc|iPhone.ActiveCfg = Release|Any CPU
		{0F3CB980-5B63-4C2F-9683-F64CB3FB5BD0}.Ad-Hoc|iPhone.Build.0 = Release|Any CPU
		{0F3CB980-5B63-4C2F-9683-F64CB3FB5BD0}.Ad-Hoc|iPhone.Deploy.0 = Release|Any CPU
		{0F3CB980-5B63-4C2F-9683-F64CB3FB5BD0}.Ad-Hoc|iPhoneSimulator.ActiveCfg = Release|Any CPU
		{0F3CB980-5B63-4C2F-9683-F64CB3FB5BD0}.Ad-Hoc|iPhoneSimulator.Build.0 = Release|Any CPU
		{0F3CB980-5B63-4C2F-9683-F64CB3FB5BD0}.Ad-Hoc|iPhoneSimulator.Deploy.0 = Release|Any CPU
		{0F3CB980-5B63-4C2F-9683-F64CB3FB5BD0}.Ad-Hoc|x64.ActiveCfg = Release|x64
		{0F3CB980-5B63-4C2F-9683-F64CB3FB5BD0}.Ad-Hoc|x64.Build.0 = Release|x64
		{0F3CB980-5B63-4C2F-9683-F64CB3FB5BD0}.Ad-Hoc|x64.Deploy.0 = Release|x64
		{0F3CB980-5B63-4C2F-9683-F64CB3FB5BD0}.Ad-Hoc|x86.ActiveCfg = Release|x86
		{0F3CB980-5B63-4C2F-9683-F64CB3FB5BD0}.Ad-Hoc|x86.Build.0 = Release|x86
		{0F3CB980-5B63-4C2F-9683-F64CB3FB5BD0}.Ad-Hoc|x86.Deploy.0 = Release|x86
		{0F3CB980-5B63-4C2F-9683-F64CB3FB5BD0}.AppStore|Any CPU.ActiveCfg = Release|Any CPU
		{0F3CB980-5B63-4C2F-9683-F64CB3FB5BD0}.AppStore|Any CPU.Build.0 = Release|Any CPU
		{0F3CB980-5B63-4C2F-9683-F64CB3FB5BD0}.AppStore|Any CPU.Deploy.0 = Release|Any CPU
		{0F3CB980-5B63-4C2F-9683-F64CB3FB5BD0}.AppStore|ARM.ActiveCfg = Release|ARM
		{0F3CB980-5B63-4C2F-9683-F64CB3FB5BD0}.AppStore|ARM.Build.0 = Release|ARM
		{0F3CB980-5B63-4C2F-9683-F64CB3FB5BD0}.AppStore|ARM.Deploy.0 = Release|ARM
		{0F3CB980-5B63-4C2F-9683-F64CB3FB5BD0}.AppStore|iPhone.ActiveCfg = Release|Any CPU
		{0F3CB980-5B63-4C2F-9683-F64CB3FB5BD0}.AppStore|iPhone.Build.0 = Release|Any CPU
		{0F3CB980-5B63-4C2F-9683-F64CB3FB5BD0}.AppStore|iPhone.Deploy.0 = Release|Any CPU
		{0F3CB980-5B63-4C2F-9683-F64CB3FB5BD0}.AppStore|iPhoneSimulator.ActiveCfg = Release|Any CPU
		{0F3CB980-5B63-4C2F-9683-F64CB3FB5BD0}.AppStore|iPhoneSimulator.Build.0 = Release|Any CPU
		{0F3CB980-5B63-4C2F-9683-F64CB3FB5BD0}.AppStore|iPhoneSimulator.Deploy.0 = Release|Any CPU
		{0F3CB980-5B63-4C2F-9683-F64CB3FB5BD0}.AppStore|x64.ActiveCfg = Release|x64
		{0F3CB980-5B63-4C2F-9683-F64CB3FB5BD0}.AppStore|x64.Build.0 = Release|x64
		{0F3CB980-5B63-4C2F-9683-F64CB3FB5BD0}.AppStore|x64.Deploy.0 = Release|x64
		{0F3CB980-5B63-4C2F-9683-F64CB3FB5BD0}.AppStore|x86.ActiveCfg = Release|x86
		{0F3CB980-5B63-4C2F-9683-F64CB3FB5BD0}.AppStore|x86.Build.0 = Release|x86
		{0F3CB980-5B63-4C2F-9683-F64CB3FB5BD0}.AppStore|x86.Deploy.0 = Release|x86
		{0F3CB980-5B63-4C2F-9683-F64CB3FB5BD0}.Debug|Any CPU.ActiveCfg = Debug|Any CPU
		{0F3CB980-5B63-4C2F-9683-F64CB3FB5BD0}.Debug|Any CPU.Build.0 = Debug|Any CPU
		{0F3CB980-5B63-4C2F-9683-F64CB3FB5BD0}.Debug|Any CPU.Deploy.0 = Debug|Any CPU
		{0F3CB980-5B63-4C2F-9683-F64CB3FB5BD0}.Debug|ARM.ActiveCfg = Debug|ARM
		{0F3CB980-5B63-4C2F-9683-F64CB3FB5BD0}.Debug|ARM.Build.0 = Debug|ARM
		{0F3CB980-5B63-4C2F-9683-F64CB3FB5BD0}.Debug|ARM.Deploy.0 = Debug|ARM
		{0F3CB980-5B63-4C2F-9683-F64CB3FB5BD0}.Debug|iPhone.ActiveCfg = Debug|Any CPU
		{0F3CB980-5B63-4C2F-9683-F64CB3FB5BD0}.Debug|iPhone.Build.0 = Debug|Any CPU
		{0F3CB980-5B63-4C2F-9683-F64CB3FB5BD0}.Debug|iPhone.Deploy.0 = Debug|Any CPU
		{0F3CB980-5B63-4C2F-9683-F64CB3FB5BD0}.Debug|iPhoneSimulator.ActiveCfg = Debug|Any CPU
		{0F3CB980-5B63-4C2F-9683-F64CB3FB5BD0}.Debug|iPhoneSimulator.Build.0 = Debug|Any CPU
		{0F3CB980-5B63-4C2F-9683-F64CB3FB5BD0}.Debug|iPhoneSimulator.Deploy.0 = Debug|Any CPU
		{0F3CB980-5B63-4C2F-9683-F64CB3FB5BD0}.Debug|x64.ActiveCfg = Debug|x64
		{0F3CB980-5B63-4C2F-9683-F64CB3FB5BD0}.Debug|x64.Build.0 = Debug|x64
		{0F3CB980-5B63-4C2F-9683-F64CB3FB5BD0}.Debug|x64.Deploy.0 = Debug|x64
		{0F3CB980-5B63-4C2F-9683-F64CB3FB5BD0}.Debug|x86.ActiveCfg = Debug|x86
		{0F3CB980-5B63-4C2F-9683-F64CB3FB5BD0}.Debug|x86.Build.0 = Debug|x86
		{0F3CB980-5B63-4C2F-9683-F64CB3FB5BD0}.Debug|x86.Deploy.0 = Debug|x86
		{0F3CB980-5B63-4C2F-9683-F64CB3FB5BD0}.Release|Any CPU.ActiveCfg = Release|Any CPU
		{0F3CB980-5B63-4C2F-9683-F64CB3FB5BD0}.Release|Any CPU.Build.0 = Release|Any CPU
		{0F3CB980-5B63-4C2F-9683-F64CB3FB5BD0}.Release|Any CPU.Deploy.0 = Release|Any CPU
		{0F3CB980-5B63-4C2F-9683-F64CB3FB5BD0}.Release|ARM.ActiveCfg = Release|ARM
		{0F3CB980-5B63-4C2F-9683-F64CB3FB5BD0}.Release|ARM.Build.0 = Release|ARM
		{0F3CB980-5B63-4C2F-9683-F64CB3FB5BD0}.Release|ARM.Deploy.0 = Release|ARM
		{0F3CB980-5B63-4C2F-9683-F64CB3FB5BD0}.Release|iPhone.ActiveCfg = Release|Any CPU
		{0F3CB980-5B63-4C2F-9683-F64CB3FB5BD0}.Release|iPhone.Build.0 = Release|Any CPU
		{0F3CB980-5B63-4C2F-9683-F64CB3FB5BD0}.Release|iPhone.Deploy.0 = Release|Any CPU
		{0F3CB980-5B63-4C2F-9683-F64CB3FB5BD0}.Release|iPhoneSimulator.ActiveCfg = Release|Any CPU
		{0F3CB980-5B63-4C2F-9683-F64CB3FB5BD0}.Release|iPhoneSimulator.Build.0 = Release|Any CPU
		{0F3CB980-5B63-4C2F-9683-F64CB3FB5BD0}.Release|iPhoneSimulator.Deploy.0 = Release|Any CPU
		{0F3CB980-5B63-4C2F-9683-F64CB3FB5BD0}.Release|x64.ActiveCfg = Release|x64
		{0F3CB980-5B63-4C2F-9683-F64CB3FB5BD0}.Release|x64.Build.0 = Release|x64
		{0F3CB980-5B63-4C2F-9683-F64CB3FB5BD0}.Release|x64.Deploy.0 = Release|x64
		{0F3CB980-5B63-4C2F-9683-F64CB3FB5BD0}.Release|x86.ActiveCfg = Release|x86
		{0F3CB980-5B63-4C2F-9683-F64CB3FB5BD0}.Release|x86.Build.0 = Release|x86
		{0F3CB980-5B63-4C2F-9683-F64CB3FB5BD0}.Release|x86.Deploy.0 = Release|x86
		{BB11CADD-C830-43CF-9016-6AC1DB560B55}.Ad-Hoc|Any CPU.ActiveCfg = Release|Any CPU
		{BB11CADD-C830-43CF-9016-6AC1DB560B55}.Ad-Hoc|Any CPU.Build.0 = Release|Any CPU
		{BB11CADD-C830-43CF-9016-6AC1DB560B55}.Ad-Hoc|ARM.ActiveCfg = Release|Any CPU
		{BB11CADD-C830-43CF-9016-6AC1DB560B55}.Ad-Hoc|ARM.Build.0 = Release|Any CPU
		{BB11CADD-C830-43CF-9016-6AC1DB560B55}.Ad-Hoc|iPhone.ActiveCfg = Release|Any CPU
		{BB11CADD-C830-43CF-9016-6AC1DB560B55}.Ad-Hoc|iPhone.Build.0 = Release|Any CPU
		{BB11CADD-C830-43CF-9016-6AC1DB560B55}.Ad-Hoc|iPhoneSimulator.ActiveCfg = Release|Any CPU
		{BB11CADD-C830-43CF-9016-6AC1DB560B55}.Ad-Hoc|iPhoneSimulator.Build.0 = Release|Any CPU
		{BB11CADD-C830-43CF-9016-6AC1DB560B55}.Ad-Hoc|x64.ActiveCfg = Release|Any CPU
		{BB11CADD-C830-43CF-9016-6AC1DB560B55}.Ad-Hoc|x64.Build.0 = Release|Any CPU
		{BB11CADD-C830-43CF-9016-6AC1DB560B55}.Ad-Hoc|x86.ActiveCfg = Release|Any CPU
		{BB11CADD-C830-43CF-9016-6AC1DB560B55}.Ad-Hoc|x86.Build.0 = Release|Any CPU
		{BB11CADD-C830-43CF-9016-6AC1DB560B55}.AppStore|Any CPU.ActiveCfg = Release|Any CPU
		{BB11CADD-C830-43CF-9016-6AC1DB560B55}.AppStore|Any CPU.Build.0 = Release|Any CPU
		{BB11CADD-C830-43CF-9016-6AC1DB560B55}.AppStore|ARM.ActiveCfg = Release|Any CPU
		{BB11CADD-C830-43CF-9016-6AC1DB560B55}.AppStore|ARM.Build.0 = Release|Any CPU
		{BB11CADD-C830-43CF-9016-6AC1DB560B55}.AppStore|iPhone.ActiveCfg = Release|Any CPU
		{BB11CADD-C830-43CF-9016-6AC1DB560B55}.AppStore|iPhone.Build.0 = Release|Any CPU
		{BB11CADD-C830-43CF-9016-6AC1DB560B55}.AppStore|iPhoneSimulator.ActiveCfg = Release|Any CPU
		{BB11CADD-C830-43CF-9016-6AC1DB560B55}.AppStore|iPhoneSimulator.Build.0 = Release|Any CPU
		{BB11CADD-C830-43CF-9016-6AC1DB560B55}.AppStore|x64.ActiveCfg = Release|Any CPU
		{BB11CADD-C830-43CF-9016-6AC1DB560B55}.AppStore|x64.Build.0 = Release|Any CPU
		{BB11CADD-C830-43CF-9016-6AC1DB560B55}.AppStore|x86.ActiveCfg = Release|Any CPU
		{BB11CADD-C830-43CF-9016-6AC1DB560B55}.AppStore|x86.Build.0 = Release|Any CPU
		{BB11CADD-C830-43CF-9016-6AC1DB560B55}.Debug|Any CPU.ActiveCfg = Debug|Any CPU
		{BB11CADD-C830-43CF-9016-6AC1DB560B55}.Debug|Any CPU.Build.0 = Debug|Any CPU
		{BB11CADD-C830-43CF-9016-6AC1DB560B55}.Debug|ARM.ActiveCfg = Debug|Any CPU
		{BB11CADD-C830-43CF-9016-6AC1DB560B55}.Debug|ARM.Build.0 = Debug|Any CPU
		{BB11CADD-C830-43CF-9016-6AC1DB560B55}.Debug|iPhone.ActiveCfg = Debug|Any CPU
		{BB11CADD-C830-43CF-9016-6AC1DB560B55}.Debug|iPhone.Build.0 = Debug|Any CPU
		{BB11CADD-C830-43CF-9016-6AC1DB560B55}.Debug|iPhoneSimulator.ActiveCfg = Debug|Any CPU
		{BB11CADD-C830-43CF-9016-6AC1DB560B55}.Debug|iPhoneSimulator.Build.0 = Debug|Any CPU
		{BB11CADD-C830-43CF-9016-6AC1DB560B55}.Debug|x64.ActiveCfg = Debug|Any CPU
		{BB11CADD-C830-43CF-9016-6AC1DB560B55}.Debug|x64.Build.0 = Debug|Any CPU
		{BB11CADD-C830-43CF-9016-6AC1DB560B55}.Debug|x86.ActiveCfg = Debug|Any CPU
		{BB11CADD-C830-43CF-9016-6AC1DB560B55}.Debug|x86.Build.0 = Debug|Any CPU
		{BB11CADD-C830-43CF-9016-6AC1DB560B55}.Release|Any CPU.ActiveCfg = Release|Any CPU
		{BB11CADD-C830-43CF-9016-6AC1DB560B55}.Release|Any CPU.Build.0 = Release|Any CPU
		{BB11CADD-C830-43CF-9016-6AC1DB560B55}.Release|ARM.ActiveCfg = Release|Any CPU
		{BB11CADD-C830-43CF-9016-6AC1DB560B55}.Release|ARM.Build.0 = Release|Any CPU
		{BB11CADD-C830-43CF-9016-6AC1DB560B55}.Release|iPhone.ActiveCfg = Release|Any CPU
		{BB11CADD-C830-43CF-9016-6AC1DB560B55}.Release|iPhone.Build.0 = Release|Any CPU
		{BB11CADD-C830-43CF-9016-6AC1DB560B55}.Release|iPhoneSimulator.ActiveCfg = Release|Any CPU
		{BB11CADD-C830-43CF-9016-6AC1DB560B55}.Release|iPhoneSimulator.Build.0 = Release|Any CPU
		{BB11CADD-C830-43CF-9016-6AC1DB560B55}.Release|x64.ActiveCfg = Release|Any CPU
		{BB11CADD-C830-43CF-9016-6AC1DB560B55}.Release|x64.Build.0 = Release|Any CPU
		{BB11CADD-C830-43CF-9016-6AC1DB560B55}.Release|x86.ActiveCfg = Release|Any CPU
		{BB11CADD-C830-43CF-9016-6AC1DB560B55}.Release|x86.Build.0 = Release|Any CPU
	EndGlobalSection
	GlobalSection(SolutionProperties) = preSolution
		HideSolutionNode = FALSE
	EndGlobalSection
EndGlobal
